
Microsoft Visual Studio Solution File, Format Version 12.00
# Visual Studio Version 16
VisualStudioVersion = 16.0.29509.3
MinimumVisualStudioVersion = 10.0.40219.1
Project("{8BC9CEB8-8B4A-11D0-8D11-00A0C91BC942}") = "chess-edu-byOsman-v2", "chess-edu-byOsman-v2\chess-edu-byOsman-v2.vcxproj", "{F99843DF-4647-4CF2-AAF2-8B0C8E8B9F89}"
EndProject
Global
	GlobalSection(SolutionConfigurationPlatforms) = preSolution
		Debug|x64 = Debug|x64
		Debug|x86 = Debug|x86
		Release|x64 = Release|x64
		Release|x86 = Release|x86
	EndGlobalSection
	GlobalSection(ProjectConfigurationPlatforms) = postSolution
		{F99843DF-4647-4CF2-AAF2-8B0C8E8B9F89}.Debug|x64.ActiveCfg = Debug|x64
		{F99843DF-4647-4CF2-AAF2-8B0C8E8B9F89}.Debug|x64.Build.0 = Debug|x64
		{F99843DF-4647-4CF2-AAF2-8B0C8E8B9F89}.Debug|x86.ActiveCfg = Debug|Win32
		{F99843DF-4647-4CF2-AAF2-8B0C8E8B9F89}.Debug|x86.Build.0 = Debug|Win32
		{F99843DF-4647-4CF2-AAF2-8B0C8E8B9F89}.Release|x64.ActiveCfg = Release|x64
		{F99843DF-4647-4CF2-AAF2-8B0C8E8B9F89}.Release|x64.Build.0 = Release|x64
		{F99843DF-4647-4CF2-AAF2-8B0C8E8B9F89}.Release|x86.ActiveCfg = Release|Win32
		{F99843DF-4647-4CF2-AAF2-8B0C8E8B9F89}.Release|x86.Build.0 = Release|Win32
	EndGlobalSection
	GlobalSection(SolutionProperties) = preSolution
		HideSolutionNode = FALSE
	EndGlobalSection
	GlobalSection(ExtensibilityGlobals) = postSolution
		SolutionGuid = {80462AEB-74FD-4FD9-AD16-5B149B62E9E8}
	EndGlobalSection
EndGlobal
